
Microsoft Visual Studio Solution File, Format Version 12.00
# Visual Studio Version 16
VisualStudioVersion = 16.0.31321.278
MinimumVisualStudioVersion = 10.0.40219.1
Project("{FAE04EC0-301F-11D3-BF4B-00C04F79EFBC}") = "MvcCoreSession", "MvcCoreSession\MvcCoreSession.csproj", "{DD22B58D-59B8-42C5-9AA4-7614324D81BF}"
EndProject
Global
	GlobalSection(SolutionConfigurationPlatforms) = preSolution
		Debug|Any CPU = Debug|Any CPU
		Release|Any CPU = Release|Any CPU
	EndGlobalSection
	GlobalSection(ProjectConfigurationPlatforms) = postSolution
		{DD22B58D-59B8-42C5-9AA4-7614324D81BF}.Debug|Any CPU.ActiveCfg = Debug|Any CPU
		{DD22B58D-59B8-42C5-9AA4-7614324D81BF}.Debug|Any CPU.Build.0 = Debug|Any CPU
		{DD22B58D-59B8-42C5-9AA4-7614324D81BF}.Release|Any CPU.ActiveCfg = Release|Any CPU
		{DD22B58D-59B8-42C5-9AA4-7614324D81BF}.Release|Any CPU.Build.0 = Release|Any CPU
	EndGlobalSection
	GlobalSection(SolutionProperties) = preSolution
		HideSolutionNode = FALSE
	EndGlobalSection
	GlobalSection(ExtensibilityGlobals) = postSolution
		SolutionGuid = {942E891E-DA7B-4D30-BEC9-5676562C00E5}
	EndGlobalSection
EndGlobal
